
Microsoft Visual Studio Solution File, Format Version 12.00
# Visual Studio 2013
VisualStudioVersion = 12.0.30501.0
MinimumVisualStudioVersion = 10.0.40219.1
Project("{FAE04EC0-301F-11D3-BF4B-00C04F79EFBC}") = "TaskFlamingo", "TaskFlamingo\TaskFlamingo.csproj", "{6FC9E5F6-1C62-441B-979C-E06C27469838}"
EndProject
Project("{FAE04EC0-301F-11D3-BF4B-00C04F79EFBC}") = "TaskFlamingo.UI", "TaskFlamingo.UI\TaskFlamingo.UI.csproj", "{B2C008EB-00F7-46B9-AB9A-E0AA2E4BC6ED}"
EndProject
Global
	GlobalSection(SolutionConfigurationPlatforms) = preSolution
		Debug|Any CPU = Debug|Any CPU
		Release|Any CPU = Release|Any CPU
	EndGlobalSection
	GlobalSection(ProjectConfigurationPlatforms) = postSolution
		{6FC9E5F6-1C62-441B-979C-E06C27469838}.Debug|Any CPU.ActiveCfg = Debug|Any CPU
		{6FC9E5F6-1C62-441B-979C-E06C27469838}.Debug|Any CPU.Build.0 = Debug|Any CPU
		{6FC9E5F6-1C62-441B-979C-E06C27469838}.Release|Any CPU.ActiveCfg = Release|Any CPU
		{6FC9E5F6-1C62-441B-979C-E06C27469838}.Release|Any CPU.Build.0 = Release|Any CPU
		{B2C008EB-00F7-46B9-AB9A-E0AA2E4BC6ED}.Debug|Any CPU.ActiveCfg = Debug|Any CPU
		{B2C008EB-00F7-46B9-AB9A-E0AA2E4BC6ED}.Debug|Any CPU.Build.0 = Debug|Any CPU
		{B2C008EB-00F7-46B9-AB9A-E0AA2E4BC6ED}.Release|Any CPU.ActiveCfg = Release|Any CPU
		{B2C008EB-00F7-46B9-AB9A-E0AA2E4BC6ED}.Release|Any CPU.Build.0 = Release|Any CPU
	EndGlobalSection
	GlobalSection(SolutionProperties) = preSolution
		HideSolutionNode = FALSE
	EndGlobalSection
EndGlobal
